lockfileVersion: '9.0'

settings:
  autoInstallPeers: true
  excludeLinksFromLockfile: false

importers:

  .:
    devDependencies:
      dompurify:
        specifier: ^3.3.0
        version: 3.3.0
      esbuild:
        specifier: ^0.26.0
        version: 0.26.0

packages:

  '@esbuild/aix-ppc64@0.26.0':
    resolution: {integrity: sha512-hj0sKNCQOOo2fgyII3clmJXP28VhgDfU5iy3GNHlWO76KG6N7x4D9ezH5lJtQTG+1J6MFDAJXC1qsI+W+LvZoA==}
    engines: {node: '>=18'}
    cpu: [ppc64]
    os: [aix]

  '@esbuild/android-arm64@0.26.0':
    resolution: {integrity: sha512-DDnoJ5eoa13L8zPh87PUlRd/IyFaIKOlRbxiwcSbeumcJ7UZKdtuMCHa1Q27LWQggug6W4m28i4/O2qiQQ5NZQ==}
    engines: {node: '>=18'}
    cpu: [arm64]
    os: [android]

  '@esbuild/android-arm@0.26.0':
    resolution: {integrity: sha512-C0hkDsYNHZkBtPxxDx177JN90/1MiCpvBNjz1f5yWJo1+5+c5zr8apjastpEG+wtPjo9FFtGG7owSsAxyKiHxA==}
    engines: {node: '>=18'}
    cpu: [arm]
    os: [android]

  '@esbuild/android-x64@0.26.0':
    resolution: {integrity: sha512-bKDkGXGZnj0T70cRpgmv549x38Vr2O3UWLbjT2qmIkdIWcmlg8yebcFWoT9Dku7b5OV3UqPEuNKRzlNhjwUJ9A==}
    engines: {node: '>=18'}
    cpu: [x64]
    os: [android]

  '@esbuild/darwin-arm64@0.26.0':
    resolution: {integrity: sha512-6Z3naJgOuAIB0RLlJkYc81An3rTlQ/IeRdrU3dOea8h/PvZSgitZV+thNuIccw0MuK1GmIAnAmd5TrMZad8FTQ==}
    engines: {node: '>=18'}
    cpu: [arm64]
    os: [darwin]

  '@esbuild/darwin-x64@0.26.0':
    resolution: {integrity: sha512-OPnYj0zpYW0tHusMefyaMvNYQX5pNQuSsHFTHUBNp3vVXupwqpxofcjVsUx11CQhGVkGeXjC3WLjh91hgBG2xw==}
    engines: {node: '>=18'}
    cpu: [x64]
    os: [darwin]

  '@esbuild/freebsd-arm64@0.26.0':
    resolution: {integrity: sha512-jix2fa6GQeZhO1sCKNaNMjfj5hbOvoL2F5t+w6gEPxALumkpOV/wq7oUBMHBn2hY2dOm+mEV/K+xfZy3mrsxNQ==}
    engines: {node: '>=18'}
    cpu: [arm64]
    os: [freebsd]

  '@esbuild/freebsd-x64@0.26.0':
    resolution: {integrity: sha512-tccJaH5xHJD/239LjbVvJwf6T4kSzbk6wPFerF0uwWlkw/u7HL+wnAzAH5GB2irGhYemDgiNTp8wJzhAHQ64oA==}
    engines: {node: '>=18'}
    cpu: [x64]
    os: [freebsd]

  '@esbuild/linux-arm64@0.26.0':
    resolution: {integrity: sha512-IMJYN7FSkLttYyTbsbme0Ra14cBO5z47kpamo16IwggzzATFY2lcZAwkbcNkWiAduKrTgFJP7fW5cBI7FzcuNQ==}
    engines: {node: '>=18'}
    cpu: [arm64]
    os: [linux]

  '@esbuild/linux-arm@0.26.0':
    resolution: {integrity: sha512-JY8NyU31SyRmRpuc5W8PQarAx4TvuYbyxbPIpHAZdr/0g4iBr8KwQBS4kiiamGl2f42BBecHusYCsyxi7Kn8UQ==}
    engines: {node: '>=18'}
    cpu: [arm]
    os: [linux]

  '@esbuild/linux-ia32@0.26.0':
    resolution: {integrity: sha512-XITaGqGVLgk8WOHw8We9Z1L0lbLFip8LyQzKYFKO4zFo1PFaaSKsbNjvkb7O8kEXytmSGRkYpE8LLVpPJpsSlw==}
    engines: {node: '>=18'}
    cpu: [ia32]
    os: [linux]

  '@esbuild/linux-loong64@0.26.0':
    resolution: {integrity: sha512-MkggfbDIczStUJwq9wU7gQ7kO33d8j9lWuOCDifN9t47+PeI+9m2QVh51EI/zZQ1spZtFMC1nzBJ+qNGCjJnsg==}
    engines: {node: '>=18'}
    cpu: [loong64]
    os: [linux]

  '@esbuild/linux-mips64el@0.26.0':
    resolution: {integrity: sha512-fUYup12HZWAeccNLhQ5HwNBPr4zXCPgUWzEq2Rfw7UwqwfQrFZ0SR/JljaURR8xIh9t+o1lNUFTECUTmaP7yKA==}
    engines: {node: '>=18'}
    cpu: [mips64el]
    os: [linux]

  '@esbuild/linux-ppc64@0.26.0':
    resolution: {integrity: sha512-MzRKhM0Ip+//VYwC8tialCiwUQ4G65WfALtJEFyU0GKJzfTYoPBw5XNWf0SLbCUYQbxTKamlVwPmcw4DgZzFxg==}
    engines: {node: '>=18'}
    cpu: [ppc64]
    os: [linux]

  '@esbuild/linux-riscv64@0.26.0':
    resolution: {integrity: sha512-QhCc32CwI1I4Jrg1enCv292sm3YJprW8WHHlyxJhae/dVs+KRWkbvz2Nynl5HmZDW/m9ZxrXayHzjzVNvQMGQA==}
    engines: {node: '>=18'}
    cpu: [riscv64]
    os: [linux]

  '@esbuild/linux-s390x@0.26.0':
    resolution: {integrity: sha512-1D6vi6lfI18aNT1aTf2HV+RIlm6fxtlAp8eOJ4mmnbYmZ4boz8zYDar86sIYNh0wmiLJEbW/EocaKAX6Yso2fw==}
    engines: {node: '>=18'}
    cpu: [s390x]
    os: [linux]

  '@esbuild/linux-x64@0.26.0':
    resolution: {integrity: sha512-rnDcepj7LjrKFvZkx+WrBv6wECeYACcFjdNPvVPojCPJD8nHpb3pv3AuR9CXgdnjH1O23btICj0rsp0L9wAnHA==}
    engines: {node: '>=18'}
    cpu: [x64]
    os: [linux]

  '@esbuild/netbsd-arm64@0.26.0':
    resolution: {integrity: sha512-FSWmgGp0mDNjEXXFcsf12BmVrb+sZBBBlyh3LwB/B9ac3Kkc8x5D2WimYW9N7SUkolui8JzVnVlWh7ZmjCpnxw==}
    engines: {node: '>=18'}
    cpu: [arm64]
    os: [netbsd]

  '@esbuild/netbsd-x64@0.26.0':
    resolution: {integrity: sha512-0QfciUDFryD39QoSPUDshj4uNEjQhp73+3pbSAaxjV2qGOEDsM67P7KbJq7LzHoVl46oqhIhJ1S+skKGR7lMXA==}
    engines: {node: '>=18'}
    cpu: [x64]
    os: [netbsd]

  '@esbuild/openbsd-arm64@0.26.0':
    resolution: {integrity: sha512-vmAK+nHhIZWImwJ3RNw9hX3fU4UGN/OqbSE0imqljNbUQC3GvVJ1jpwYoTfD6mmXmQaxdJY6Hn4jQbLGJKg5Yw==}
    engines: {node: '>=18'}
    cpu: [arm64]
    os: [openbsd]

  '@esbuild/openbsd-x64@0.26.0':
    resolution: {integrity: sha512-GPXF7RMkJ7o9bTyUsnyNtrFMqgM3X+uM/LWw4CeHIjqc32fm0Ir6jKDnWHpj8xHFstgWDUYseSABK9KCkHGnpg==}
    engines: {node: '>=18'}
    cpu: [x64]
    os: [openbsd]

  '@esbuild/openharmony-arm64@0.26.0':
    resolution: {integrity: sha512-nUHZ5jEYqbBthbiBksbmHTlbb5eElyVfs/s1iHQ8rLBq1eWsd5maOnDpCocw1OM8kFK747d1Xms8dXJHtduxSw==}
    engines: {node: '>=18'}
    cpu: [arm64]
    os: [openharmony]

  '@esbuild/sunos-x64@0.26.0':
    resolution: {integrity: sha512-TMg3KCTCYYaVO+R6P5mSORhcNDDlemUVnUbb8QkboUtOhb5JWKAzd5uMIMECJQOxHZ/R+N8HHtDF5ylzLfMiLw==}
    engines: {node: '>=18'}
    cpu: [x64]
    os: [sunos]

  '@esbuild/win32-arm64@0.26.0':
    resolution: {integrity: sha512-apqYgoAUd6ZCb9Phcs8zN32q6l0ZQzQBdVXOofa6WvHDlSOhwCWgSfVQabGViThS40Y1NA4SCvQickgZMFZRlA==}
    engines: {node: '>=18'}
    cpu: [arm64]
    os: [win32]

  '@esbuild/win32-ia32@0.26.0':
    resolution: {integrity: sha512-FGJAcImbJNZzLWu7U6WB0iKHl4RuY4TsXEwxJPl9UZLS47agIZuILZEX3Pagfw7I4J3ddflomt9f0apfaJSbaw==}
    engines: {node: '>=18'}
    cpu: [ia32]
    os: [win32]

  '@esbuild/win32-x64@0.26.0':
    resolution: {integrity: sha512-WAckBKaVnmFqbEhbymrPK7M086DQMpL1XoRbpmN0iW8k5JSXjDRQBhcZNa0VweItknLq9eAeCL34jK7/CDcw7A==}
    engines: {node: '>=18'}
    cpu: [x64]
    os: [win32]

  '@types/trusted-types@2.0.7':
    resolution: {integrity: sha512-ScaPdn1dQczgbl0QFTeTOmVHFULt394XJgOQNoyVhZ6r2vLnMLJfBPd53SB52T/3G36VI1/g2MZaX0cwDuXsfw==}

  dompurify@3.3.0:
    resolution: {integrity: sha512-r+f6MYR1gGN1eJv0TVQbhA7if/U7P87cdPl3HN5rikqaBSBxLiCb/b9O+2eG0cxz0ghyU+mU1QkbsOwERMYlWQ==}

  esbuild@0.26.0:
    resolution: {integrity: sha512-3Hq7jri+tRrVWha+ZeIVhl4qJRha/XjRNSopvTsOaCvfPHrflTYTcUFcEjMKdxofsXXsdc4zjg5NOTnL4Gl57Q==}
    engines: {node: '>=18'}
    hasBin: true

snapshots:

  '@esbuild/aix-ppc64@0.26.0':
    optional: true

  '@esbuild/android-arm64@0.26.0':
    optional: true

  '@esbuild/android-arm@0.26.0':
    optional: true

  '@esbuild/android-x64@0.26.0':
    optional: true

  '@esbuild/darwin-arm64@0.26.0':
    optional: true

  '@esbuild/darwin-x64@0.26.0':
    optional: true

  '@esbuild/freebsd-arm64@0.26.0':
    optional: true

  '@esbuild/freebsd-x64@0.26.0':
    optional: true

  '@esbuild/linux-arm64@0.26.0':
    optional: true

  '@esbuild/linux-arm@0.26.0':
    optional: true

  '@esbuild/linux-ia32@0.26.0':
    optional: true

  '@esbuild/linux-loong64@0.26.0':
    optional: true

  '@esbuild/linux-mips64el@0.26.0':
    optional: true

  '@esbuild/linux-ppc64@0.26.0':
    optional: true

  '@esbuild/linux-riscv64@0.26.0':
    optional: true

  '@esbuild/linux-s390x@0.26.0':
    optional: true

  '@esbuild/linux-x64@0.26.0':
    optional: true

  '@esbuild/netbsd-arm64@0.26.0':
    optional: true

  '@esbuild/netbsd-x64@0.26.0':
    optional: true

  '@esbuild/openbsd-arm64@0.26.0':
    optional: true

  '@esbuild/openbsd-x64@0.26.0':
    optional: true

  '@esbuild/openharmony-arm64@0.26.0':
    optional: true

  '@esbuild/sunos-x64@0.26.0':
    optional: true

  '@esbuild/win32-arm64@0.26.0':
    optional: true

  '@esbuild/win32-ia32@0.26.0':
    optional: true

  '@esbuild/win32-x64@0.26.0':
    optional: true

  '@types/trusted-types@2.0.7':
    optional: true

  dompurify@3.3.0:
    optionalDependencies:
      '@types/trusted-types': 2.0.7

  esbuild@0.26.0:
    optionalDependencies:
      '@esbuild/aix-ppc64': 0.26.0
      '@esbuild/android-arm': 0.26.0
      '@esbuild/android-arm64': 0.26.0
      '@esbuild/android-x64': 0.26.0
      '@esbuild/darwin-arm64': 0.26.0
      '@esbuild/darwin-x64': 0.26.0
      '@esbuild/freebsd-arm64': 0.26.0
      '@esbuild/freebsd-x64': 0.26.0
      '@esbuild/linux-arm': 0.26.0
      '@esbuild/linux-arm64': 0.26.0
      '@esbuild/linux-ia32': 0.26.0
      '@esbuild/linux-loong64': 0.26.0
      '@esbuild/linux-mips64el': 0.26.0
      '@esbuild/linux-ppc64': 0.26.0
      '@esbuild/linux-riscv64': 0.26.0
      '@esbuild/linux-s390x': 0.26.0
      '@esbuild/linux-x64': 0.26.0
      '@esbuild/netbsd-arm64': 0.26.0
      '@esbuild/netbsd-x64': 0.26.0
      '@esbuild/openbsd-arm64': 0.26.0
      '@esbuild/openbsd-x64': 0.26.0
      '@esbuild/openharmony-arm64': 0.26.0
      '@esbuild/sunos-x64': 0.26.0
      '@esbuild/win32-arm64': 0.26.0
      '@esbuild/win32-ia32': 0.26.0
      '@esbuild/win32-x64': 0.26.0
